
Microsoft Visual Studio Solution File, Format Version 12.00
# Visual Studio Version 16
VisualStudioVersion = 16.0.29728.190
MinimumVisualStudioVersion = 10.0.40219.1
Project("{9A19103F-16F7-4668-BE54-9A1E7A4F7556}") = "Sandbox", "Sandbox\Sandbox.csproj", "{1A69AE95-D46F-4DFB-98DA-15A2FC772200}"
EndProject
Project("{9A19103F-16F7-4668-BE54-9A1E7A4F7556}") = "QueryFilters", "QueryFilters\QueryFilters.csproj", "{7F049426-0507-4A51-8335-BFEB3F950E0C}"
EndProject
Project("{9A19103F-16F7-4668-BE54-9A1E7A4F7556}") = "ConsoleApp.SQLite", "ConsoleApp.SQLite\ConsoleApp.SQLite.csproj", "{C45AFE5C-2185-4052-99E5-5FEF5AF20FF1}"
EndProject
Project("{9A19103F-16F7-4668-BE54-9A1E7A4F7556}") = "ExpressionTrees", "ExpressionTrees\ExpressionTrees.csproj", "{0E4A3A2B-EE3E-4E74-B0E3-D514361567A3}"
EndProject
Project("{9A19103F-16F7-4668-BE54-9A1E7A4F7556}") = "CompositionOverInheritance", "CompositionOverInheritance\CompositionOverInheritance.csproj", "{14022186-AD51-4107-A2E3-D1A32C5DA255}"
EndProject
Project("{9A19103F-16F7-4668-BE54-9A1E7A4F7556}") = "MassTransitTest", "MassTransitTest\MassTransitTest.csproj", "{0B2C3A53-9AFA-40C0-B712-352C9E0B2E21}"
EndProject
Project("{9A19103F-16F7-4668-BE54-9A1E7A4F7556}") = "EFCoreProjectionTest", "EFCoreProjectionTest\EFCoreProjectionTest.csproj", "{475FFCFC-B092-426C-906A-98CF5BAAC2B1}"
EndProject
Project("{9A19103F-16F7-4668-BE54-9A1E7A4F7556}") = "MassTransitTesting", "MassTransitTesting\MassTransitTesting.csproj", "{4C4FA7A1-4DA1-4D3D-84E3-756AC248767F}"
EndProject
Project("{9A19103F-16F7-4668-BE54-9A1E7A4F7556}") = "Sandbox.Common", "Sandbox.Common\Sandbox.Common.csproj", "{FCDEA34E-5941-4DF8-8CDB-B74101488C5D}"
EndProject
Project("{2150E333-8FDC-42A3-9474-1A3956D46DE8}") = "Solution Items", "Solution Items", "{0F19FF13-8E5F-4908-B0C4-BB784C76E7DA}"
	ProjectSection(SolutionItems) = preProject
		README.md = README.md
		LICENSE = LICENSE
	EndProjectSection
EndProject
Global
	GlobalSection(SolutionConfigurationPlatforms) = preSolution
		Debug|Any CPU = Debug|Any CPU
		Release|Any CPU = Release|Any CPU
	EndGlobalSection
	GlobalSection(ProjectConfigurationPlatforms) = postSolution
		{1A69AE95-D46F-4DFB-98DA-15A2FC772200}.Debug|Any CPU.ActiveCfg = Debug|Any CPU
		{1A69AE95-D46F-4DFB-98DA-15A2FC772200}.Debug|Any CPU.Build.0 = Debug|Any CPU
		{1A69AE95-D46F-4DFB-98DA-15A2FC772200}.Release|Any CPU.ActiveCfg = Release|Any CPU
		{1A69AE95-D46F-4DFB-98DA-15A2FC772200}.Release|Any CPU.Build.0 = Release|Any CPU
		{7F049426-0507-4A51-8335-BFEB3F950E0C}.Debug|Any CPU.ActiveCfg = Debug|Any CPU
		{7F049426-0507-4A51-8335-BFEB3F950E0C}.Debug|Any CPU.Build.0 = Debug|Any CPU
		{7F049426-0507-4A51-8335-BFEB3F950E0C}.Release|Any CPU.ActiveCfg = Release|Any CPU
		{7F049426-0507-4A51-8335-BFEB3F950E0C}.Release|Any CPU.Build.0 = Release|Any CPU
		{C45AFE5C-2185-4052-99E5-5FEF5AF20FF1}.Debug|Any CPU.ActiveCfg = Debug|Any CPU
		{C45AFE5C-2185-4052-99E5-5FEF5AF20FF1}.Debug|Any CPU.Build.0 = Debug|Any CPU
		{C45AFE5C-2185-4052-99E5-5FEF5AF20FF1}.Release|Any CPU.ActiveCfg = Release|Any CPU
		{C45AFE5C-2185-4052-99E5-5FEF5AF20FF1}.Release|Any CPU.Build.0 = Release|Any CPU
		{0E4A3A2B-EE3E-4E74-B0E3-D514361567A3}.Debug|Any CPU.ActiveCfg = Debug|Any CPU
		{0E4A3A2B-EE3E-4E74-B0E3-D514361567A3}.Debug|Any CPU.Build.0 = Debug|Any CPU
		{0E4A3A2B-EE3E-4E74-B0E3-D514361567A3}.Release|Any CPU.ActiveCfg = Release|Any CPU
		{0E4A3A2B-EE3E-4E74-B0E3-D514361567A3}.Release|Any CPU.Build.0 = Release|Any CPU
		{14022186-AD51-4107-A2E3-D1A32C5DA255}.Debug|Any CPU.ActiveCfg = Debug|Any CPU
		{14022186-AD51-4107-A2E3-D1A32C5DA255}.Debug|Any CPU.Build.0 = Debug|Any CPU
		{14022186-AD51-4107-A2E3-D1A32C5DA255}.Release|Any CPU.ActiveCfg = Release|Any CPU
		{14022186-AD51-4107-A2E3-D1A32C5DA255}.Release|Any CPU.Build.0 = Release|Any CPU
		{0B2C3A53-9AFA-40C0-B712-352C9E0B2E21}.Debug|Any CPU.ActiveCfg = Debug|Any CPU
		{0B2C3A53-9AFA-40C0-B712-352C9E0B2E21}.Debug|Any CPU.Build.0 = Debug|Any CPU
		{0B2C3A53-9AFA-40C0-B712-352C9E0B2E21}.Release|Any CPU.ActiveCfg = Release|Any CPU
		{0B2C3A53-9AFA-40C0-B712-352C9E0B2E21}.Release|Any CPU.Build.0 = Release|Any CPU
		{475FFCFC-B092-426C-906A-98CF5BAAC2B1}.Debug|Any CPU.ActiveCfg = Debug|Any CPU
		{475FFCFC-B092-426C-906A-98CF5BAAC2B1}.Debug|Any CPU.Build.0 = Debug|Any CPU
		{475FFCFC-B092-426C-906A-98CF5BAAC2B1}.Release|Any CPU.ActiveCfg = Release|Any CPU
		{475FFCFC-B092-426C-906A-98CF5BAAC2B1}.Release|Any CPU.Build.0 = Release|Any CPU
		{4C4FA7A1-4DA1-4D3D-84E3-756AC248767F}.Debug|Any CPU.ActiveCfg = Debug|Any CPU
		{4C4FA7A1-4DA1-4D3D-84E3-756AC248767F}.Debug|Any CPU.Build.0 = Debug|Any CPU
		{4C4FA7A1-4DA1-4D3D-84E3-756AC248767F}.Release|Any CPU.ActiveCfg = Release|Any CPU
		{4C4FA7A1-4DA1-4D3D-84E3-756AC248767F}.Release|Any CPU.Build.0 = Release|Any CPU
		{FCDEA34E-5941-4DF8-8CDB-B74101488C5D}.Debug|Any CPU.ActiveCfg = Debug|Any CPU
		{FCDEA34E-5941-4DF8-8CDB-B74101488C5D}.Debug|Any CPU.Build.0 = Debug|Any CPU
		{FCDEA34E-5941-4DF8-8CDB-B74101488C5D}.Release|Any CPU.ActiveCfg = Release|Any CPU
		{FCDEA34E-5941-4DF8-8CDB-B74101488C5D}.Release|Any CPU.Build.0 = Release|Any CPU
	EndGlobalSection
	GlobalSection(SolutionProperties) = preSolution
		HideSolutionNode = FALSE
	EndGlobalSection
	GlobalSection(ExtensibilityGlobals) = postSolution
		SolutionGuid = {17A74A17-5A71-4736-B2CD-B00F5231ABF2}
	EndGlobalSection
EndGlobal
